// !$*UTF8*$!
{
	archiveVersion = 1;
	classes = {
	};
	objectVersion = 63;
	objects = {

/* Begin PBXBuildFile section */
		09CAD0DA2BA11E1500E7B47D /* PopupView in Frameworks */ = {isa = PBXBuildFile; productRef = 09CAD0D92BA11E1500E7B47D /* PopupView */; };
		480F21F52B75969500CB5632 /* Quiz.swift in Sources */ = {isa = PBXBuildFile; fileRef = 480F21F42B75969500CB5632 /* Quiz.swift */; };
		480F21F72B7596BA00CB5632 /* QuizQuestion.swift in Sources */ = {isa = PBXBuildFile; fileRef = 480F21F62B7596BA00CB5632 /* QuizQuestion.swift */; };
		480F21F92B75A29500CB5632 /* Connections.swift in Sources */ = {isa = PBXBuildFile; fileRef = 480F21F82B75A29500CB5632 /* Connections.swift */; };
		480F21FB2B75A54700CB5632 /* WordGuessing.swift in Sources */ = {isa = PBXBuildFile; fileRef = 480F21FA2B75A54700CB5632 /* WordGuessing.swift */; };
		480F21FE2B7C19D800CB5632 /* StartWordGuessingView.swift in Sources */ = {isa = PBXBuildFile; fileRef = 480F21FD2B7C19D800CB5632 /* StartWordGuessingView.swift */; };
		480F22002B7C19E500CB5632 /* WordGuessingView.swift in Sources */ = {isa = PBXBuildFile; fileRef = 480F21FF2B7C19E500CB5632 /* WordGuessingView.swift */; };
		480F22022B7C19F900CB5632 /* WordGuessingResultsView.swift in Sources */ = {isa = PBXBuildFile; fileRef = 480F22012B7C19F900CB5632 /* WordGuessingResultsView.swift */; };
		480F22062B7C1F9000CB5632 /* QuizViewModel.swift in Sources */ = {isa = PBXBuildFile; fileRef = 480F22052B7C1F9000CB5632 /* QuizViewModel.swift */; };
		480F22082B7C1F9C00CB5632 /* WordGuessingViewModel.swift in Sources */ = {isa = PBXBuildFile; fileRef = 480F22072B7C1F9C00CB5632 /* WordGuessingViewModel.swift */; };
		480F220A2B7C1FA900CB5632 /* ConnectionsViewModel.swift in Sources */ = {isa = PBXBuildFile; fileRef = 480F22092B7C1FA900CB5632 /* ConnectionsViewModel.swift */; };
		482153622BA11A4E000C02FB /* MapView.swift in Sources */ = {isa = PBXBuildFile; fileRef = 482153612BA11A4E000C02FB /* MapView.swift */; };
		482153642BB739FA000C02FB /* Location.swift in Sources */ = {isa = PBXBuildFile; fileRef = 482153632BB739FA000C02FB /* Location.swift */; };
		48A11D722B9B63220061ED6A /* QuestionSuccessView.swift in Sources */ = {isa = PBXBuildFile; fileRef = 48A11D6F2B9B63220061ED6A /* QuestionSuccessView.swift */; };
		48A11D732B9B63220061ED6A /* ProgressBar.swift in Sources */ = {isa = PBXBuildFile; fileRef = 48A11D702B9B63220061ED6A /* ProgressBar.swift */; };
		48A11D742B9B63220061ED6A /* QuestionFailView.swift in Sources */ = {isa = PBXBuildFile; fileRef = 48A11D712B9B63220061ED6A /* QuestionFailView.swift */; };
		48ACC9802BBF6AF800AEC832 /* StartXView.swift in Sources */ = {isa = PBXBuildFile; fileRef = 48ACC97F2BBF6AF800AEC832 /* StartXView.swift */; };
		48ACC9822BBF6B0B00AEC832 /* ProgressButtonView.swift in Sources */ = {isa = PBXBuildFile; fileRef = 48ACC9812BBF6B0B00AEC832 /* ProgressButtonView.swift */; };
		48ACC9842BC5A6E400AEC832 /* DynamicNavigationView.swift in Sources */ = {isa = PBXBuildFile; fileRef = 48ACC9832BC5A6E400AEC832 /* DynamicNavigationView.swift */; };
		48ACC9872BC5DEDA00AEC832 /* OrderedCollections in Frameworks */ = {isa = PBXBuildFile; productRef = 48ACC9862BC5DEDA00AEC832 /* OrderedCollections */; };
		48ACC98A2BCC879600AEC832 /* ActivityType.swift in Sources */ = {isa = PBXBuildFile; fileRef = 48ACC9892BCC879600AEC832 /* ActivityType.swift */; };
		48ACC98C2BCC994B00AEC832 /* SplashScreen.swift in Sources */ = {isa = PBXBuildFile; fileRef = 48ACC98B2BCC994B00AEC832 /* SplashScreen.swift */; };
		59167BFD2BB7E1D7006C02C1 /* DanceView.swift in Sources */ = {isa = PBXBuildFile; fileRef = 59167BFC2BB7E1D7006C02C1 /* DanceView.swift */; };
		663062F52B7BFD3500702E04 /* ARLandmark.swift in Sources */ = {isa = PBXBuildFile; fileRef = 663062F42B7BFD3500702E04 /* ARLandmark.swift */; };
		665997482B90EDCD00247314 /* TextBoxEntity.swift in Sources */ = {isa = PBXBuildFile; fileRef = 665997472B90EDCD00247314 /* TextBoxEntity.swift */; };
		6666C7452B88093300A64A3D /* GoogleService-Info.plist in Resources */ = {isa = PBXBuildFile; fileRef = 6666C7442B88093300A64A3D /* GoogleService-Info.plist */; };
		666A717B2BBF2D1E005A849A /* Celebrities.swift in Sources */ = {isa = PBXBuildFile; fileRef = 666A71712BBF2D1E005A849A /* Celebrities.swift */; };
		666A717C2BBF2D1E005A849A /* ClassicTvMovie.swift in Sources */ = {isa = PBXBuildFile; fileRef = 666A71722BBF2D1E005A849A /* ClassicTvMovie.swift */; };
		666A717D2BBF2D1E005A849A /* Dance.swift in Sources */ = {isa = PBXBuildFile; fileRef = 666A71732BBF2D1E005A849A /* Dance.swift */; };
		666A717E2BBF2D1E005A849A /* Etiquette.swift in Sources */ = {isa = PBXBuildFile; fileRef = 666A71742BBF2D1E005A849A /* Etiquette.swift */; };
		666A717F2BBF2D1E005A849A /* Food.swift in Sources */ = {isa = PBXBuildFile; fileRef = 666A71752BBF2D1E005A849A /* Food.swift */; };
		666A71802BBF2D1E005A849A /* Landmarks.swift in Sources */ = {isa = PBXBuildFile; fileRef = 666A71762BBF2D1E005A849A /* Landmarks.swift */; };
		666A71812BBF2D1E005A849A /* Sports.swift in Sources */ = {isa = PBXBuildFile; fileRef = 666A71772BBF2D1E005A849A /* Sports.swift */; };
		666A71822BBF2D1E005A849A /* TraditionalMusic.swift in Sources */ = {isa = PBXBuildFile; fileRef = 666A71782BBF2D1E005A849A /* TraditionalMusic.swift */; };
		666A71832BBF2D1E005A849A /* Traditions.swift in Sources */ = {isa = PBXBuildFile; fileRef = 666A71792BBF2D1E005A849A /* Traditions.swift */; };
		6690A2C62B8D74E7002C33C5 /* ARVideoPortalView.swift in Sources */ = {isa = PBXBuildFile; fileRef = 6690A2C52B8D74E7002C33C5 /* ARVideoPortalView.swift */; };
		669553402BC84408004CD831 /* MajorCities.swift in Sources */ = {isa = PBXBuildFile; fileRef = 6695533F2BC84408004CD831 /* MajorCities.swift */; };
		66FB69C72B72A06D0066B826 /* AppDelegate.swift in Sources */ = {isa = PBXBuildFile; fileRef = 66FB69C62B72A06D0066B826 /* AppDelegate.swift */; };
		66FB69C92B72A06D0066B826 /* TourView.swift in Sources */ = {isa = PBXBuildFile; fileRef = 66FB69C82B72A06D0066B826 /* TourView.swift */; };
		66FB69CB2B72A06E0066B826 /* Assets.xcassets in Resources */ = {isa = PBXBuildFile; fileRef = 66FB69CA2B72A06E0066B826 /* Assets.xcassets */; };
		66FB69CE2B72A06E0066B826 /* Preview Assets.xcassets in Resources */ = {isa = PBXBuildFile; fileRef = 66FB69CD2B72A06E0066B826 /* Preview Assets.xcassets */; };
		66FB69D82B72A08F0066B826 /* ViewModel.swift in Sources */ = {isa = PBXBuildFile; fileRef = 66FB69D72B72A08F0066B826 /* ViewModel.swift */; };
		66FB69DB2B72A0A50066B826 /* FirebaseAnalytics in Frameworks */ = {isa = PBXBuildFile; productRef = 66FB69DA2B72A0A50066B826 /* FirebaseAnalytics */; };
		66FB69DD2B72A0A50066B826 /* FirebaseAnalyticsOnDeviceConversion in Frameworks */ = {isa = PBXBuildFile; productRef = 66FB69DC2B72A0A50066B826 /* FirebaseAnalyticsOnDeviceConversion */; };
		66FB69DF2B72A0A50066B826 /* FirebaseAnalyticsSwift in Frameworks */ = {isa = PBXBuildFile; productRef = 66FB69DE2B72A0A50066B826 /* FirebaseAnalyticsSwift */; };
		66FB69E12B72A0A50066B826 /* FirebaseAnalyticsWithoutAdIdSupport in Frameworks */ = {isa = PBXBuildFile; productRef = 66FB69E02B72A0A50066B826 /* FirebaseAnalyticsWithoutAdIdSupport */; };
		66FB69E32B72A0A50066B826 /* FirebaseAppCheck in Frameworks */ = {isa = PBXBuildFile; productRef = 66FB69E22B72A0A50066B826 /* FirebaseAppCheck */; };
		66FB69E52B72A0A50066B826 /* FirebaseAppDistribution-Beta in Frameworks */ = {isa = PBXBuildFile; productRef = 66FB69E42B72A0A50066B826 /* FirebaseAppDistribution-Beta */; };
		66FB69E72B72A0A50066B826 /* FirebaseAuth in Frameworks */ = {isa = PBXBuildFile; productRef = 66FB69E62B72A0A50066B826 /* FirebaseAuth */; };
		66FB69E92B72A0A50066B826 /* FirebaseAuthCombine-Community in Frameworks */ = {isa = PBXBuildFile; productRef = 66FB69E82B72A0A50066B826 /* FirebaseAuthCombine-Community */; };
		66FB69EB2B72A0A50066B826 /* FirebaseCrashlytics in Frameworks */ = {isa = PBXBuildFile; productRef = 66FB69EA2B72A0A50066B826 /* FirebaseCrashlytics */; };
		66FB69ED2B72A0A50066B826 /* FirebaseDatabase in Frameworks */ = {isa = PBXBuildFile; productRef = 66FB69EC2B72A0A50066B826 /* FirebaseDatabase */; };
		66FB69EF2B72A0A50066B826 /* FirebaseDatabaseSwift in Frameworks */ = {isa = PBXBuildFile; productRef = 66FB69EE2B72A0A50066B826 /* FirebaseDatabaseSwift */; };
		66FB69F12B72A0A50066B826 /* FirebaseDynamicLinks in Frameworks */ = {isa = PBXBuildFile; productRef = 66FB69F02B72A0A50066B826 /* FirebaseDynamicLinks */; };
		66FB69F32B72A0B30066B826 /* Module.swift in Sources */ = {isa = PBXBuildFile; fileRef = 66FB69F22B72A0B30066B826 /* Module.swift */; };
		66FB69F52B72A0B90066B826 /* Country.swift in Sources */ = {isa = PBXBuildFile; fileRef = 66FB69F42B72A0B90066B826 /* Country.swift */; };
		66FB69F72B72A0BF0066B826 /* User.swift in Sources */ = {isa = PBXBuildFile; fileRef = 66FB69F62B72A0BF0066B826 /* User.swift */; };
		66FB69FA2B72A1140066B826 /* ActivityView.swift in Sources */ = {isa = PBXBuildFile; fileRef = 66FB69F92B72A1140066B826 /* ActivityView.swift */; };
		66FB69FC2B72A11D0066B826 /* LeaderboardView.swift in Sources */ = {isa = PBXBuildFile; fileRef = 66FB69FB2B72A11D0066B826 /* LeaderboardView.swift */; };
		66FB69FE2B72A1280066B826 /* HomeView.swift in Sources */ = {isa = PBXBuildFile; fileRef = 66FB69FD2B72A1280066B826 /* HomeView.swift */; };
		66FB6A002B72A1310066B826 /* MainView.swift in Sources */ = {isa = PBXBuildFile; fileRef = 66FB69FF2B72A1310066B826 /* MainView.swift */; };
		66FB6A022B72A1400066B826 /* LogInView.swift in Sources */ = {isa = PBXBuildFile; fileRef = 66FB6A012B72A1400066B826 /* LogInView.swift */; };
		66FB6A042B72A1480066B826 /* SignUpView.swift in Sources */ = {isa = PBXBuildFile; fileRef = 66FB6A032B72A1480066B826 /* SignUpView.swift */; };
		66FB6A072B72A15B0066B826 /* SelfProfileView.swift in Sources */ = {isa = PBXBuildFile; fileRef = 66FB6A062B72A15B0066B826 /* SelfProfileView.swift */; };
		66FB6A092B72A1620066B826 /* EditSelfProfileView.swift in Sources */ = {isa = PBXBuildFile; fileRef = 66FB6A082B72A1620066B826 /* EditSelfProfileView.swift */; };
		66FB6A0C2B72A17C0066B826 /* QuestionView.swift in Sources */ = {isa = PBXBuildFile; fileRef = 66FB6A0B2B72A17C0066B826 /* QuestionView.swift */; };
		66FB6A0E2B72A1830066B826 /* ResultsView.swift in Sources */ = {isa = PBXBuildFile; fileRef = 66FB6A0D2B72A1830066B826 /* ResultsView.swift */; };
		66FB6A112B72A1EF0066B826 /* StartQuizView.swift in Sources */ = {isa = PBXBuildFile; fileRef = 66FB6A102B72A1EF0066B826 /* StartQuizView.swift */; };
		66FB6A132B72A2150066B826 /* StartConnectionsView.swift in Sources */ = {isa = PBXBuildFile; fileRef = 66FB6A122B72A2150066B826 /* StartConnectionsView.swift */; };
		66FB6A152B72A21D0066B826 /* ConnectionsGameView.swift in Sources */ = {isa = PBXBuildFile; fileRef = 66FB6A142B72A21D0066B826 /* ConnectionsGameView.swift */; };
		66FB6A1B2B72A26E0066B826 /* Badge.swift in Sources */ = {isa = PBXBuildFile; fileRef = 66FB6A1A2B72A26E0066B826 /* Badge.swift */; };
		66FB6A1E2B72A2DF0066B826 /* MusicView.swift in Sources */ = {isa = PBXBuildFile; fileRef = 66FB6A1D2B72A2DF0066B826 /* MusicView.swift */; };
		66FB6A202B72A2F00066B826 /* TraditionsView.swift in Sources */ = {isa = PBXBuildFile; fileRef = 66FB6A1F2B72A2F00066B826 /* TraditionsView.swift */; };
		66FB6A222B72A2FD0066B826 /* HolidaysView.swift in Sources */ = {isa = PBXBuildFile; fileRef = 66FB6A212B72A2FD0066B826 /* HolidaysView.swift */; };
		66FB6A272B72A4F00066B826 /* FirebaseFirestore in Frameworks */ = {isa = PBXBuildFile; productRef = 66FB6A262B72A4F00066B826 /* FirebaseFirestore */; };
		66FB6A292B72A5020066B826 /* FirebaseStorage in Frameworks */ = {isa = PBXBuildFile; productRef = 66FB6A282B72A5020066B826 /* FirebaseStorage */; };
		66FE49432B7571610053D229 /* 3DModelView.swift in Sources */ = {isa = PBXBuildFile; fileRef = 66FE49422B7571610053D229 /* 3DModelView.swift */; };
		7C01F4A52BCC951300864C7B /* DrinkView.swift in Sources */ = {isa = PBXBuildFile; fileRef = 7C01F4A42BCC951300864C7B /* DrinkView.swift */; };
		7C1B20F32B7BFF41008E0244 /* UIColors.swift in Sources */ = {isa = PBXBuildFile; fileRef = 7C1B20F22B7BFF41008E0244 /* UIColors.swift */; };
		7C1B20FE2B7C00A0008E0244 /* Quicksand-Bold.ttf in Resources */ = {isa = PBXBuildFile; fileRef = 7C1B20F92B7C00A0008E0244 /* Quicksand-Bold.ttf */; };
		7C1B20FF2B7C00A0008E0244 /* Quicksand-Medium.ttf in Resources */ = {isa = PBXBuildFile; fileRef = 7C1B20FA2B7C00A0008E0244 /* Quicksand-Medium.ttf */; };
		7C1B21002B7C00A0008E0244 /* Quicksand-Regular.ttf in Resources */ = {isa = PBXBuildFile; fileRef = 7C1B20FB2B7C00A0008E0244 /* Quicksand-Regular.ttf */; };
		7C1B21012B7C00A0008E0244 /* Quicksand-SemiBold.ttf in Resources */ = {isa = PBXBuildFile; fileRef = 7C1B20FC2B7C00A0008E0244 /* Quicksand-SemiBold.ttf */; };
		7C1B21022B7C00A0008E0244 /* Quicksand-Light.ttf in Resources */ = {isa = PBXBuildFile; fileRef = 7C1B20FD2B7C00A0008E0244 /* Quicksand-Light.ttf */; };
		7C1B89F02BCDBC0B007B92FE /* SportsView.swift in Sources */ = {isa = PBXBuildFile; fileRef = 7C1B89EF2BCDBC0B007B92FE /* SportsView.swift */; };
		7C3DE01F2BC9FA2B00D9DD46 /* ChangeCountryView.swift in Sources */ = {isa = PBXBuildFile; fileRef = 7C3DE01E2BC9FA2B00D9DD46 /* ChangeCountryView.swift */; };
		7C864BBE2BC9A5AF0052502B /* CountrySetView.swift in Sources */ = {isa = PBXBuildFile; fileRef = 7C864BBD2BC9A5AF0052502B /* CountrySetView.swift */; };
		7C9E14692BBF6353003BC7B4 /* LandmarksView.swift in Sources */ = {isa = PBXBuildFile; fileRef = 7C9E14682BBF6353003BC7B4 /* LandmarksView.swift */; };
		7CE5D3EF2BB5D2ED00EE0E14 /* BackButton.swift in Sources */ = {isa = PBXBuildFile; fileRef = 7CE5D3EE2BB5D2ED00EE0E14 /* BackButton.swift */; };
		7CFE0FC42B979F3100D7283B /* ContentView.swift in Sources */ = {isa = PBXBuildFile; fileRef = 7CFE0FC32B979F3100D7283B /* ContentView.swift */; };
		849347992BB75365000EC3F4 /* MovieView.swift in Sources */ = {isa = PBXBuildFile; fileRef = 849347982BB75365000EC3F4 /* MovieView.swift */; };
		8493479B2BC081EE000EC3F4 /* Movie.swift in Sources */ = {isa = PBXBuildFile; fileRef = 8493479A2BC081EE000EC3F4 /* Movie.swift */; };
		8493479D2BC0843C000EC3F4 /* MovieViewModel.swift in Sources */ = {isa = PBXBuildFile; fileRef = 8493479C2BC0843C000EC3F4 /* MovieViewModel.swift */; };
		B31D2BFA2B8EB3EF00FAF095 /* ViewModelUnitTests.swift in Sources */ = {isa = PBXBuildFile; fileRef = B31D2BF92B8EB3EF00FAF095 /* ViewModelUnitTests.swift */; };
		C4C2FF492BC08E2E00DCDE7E /* EtiquetteView.swift in Sources */ = {isa = PBXBuildFile; fileRef = C4C2FF482BC08E2E00DCDE7E /* EtiquetteView.swift */; };
		CA0D9D522BBCC5F2006C7C2A /* FoodView.swift in Sources */ = {isa = PBXBuildFile; fileRef = CA0D9D512BBCC5F2006C7C2A /* FoodView.swift */; };
		CA64398A2B8579AF00181C5F /* FoodCategorySectionView.swift in Sources */ = {isa = PBXBuildFile; fileRef = CA6439892B8579AF00181C5F /* FoodCategorySectionView.swift */; };
		CA64398C2B857B0900181C5F /* CustomsSectionView.swift in Sources */ = {isa = PBXBuildFile; fileRef = CA64398B2B857B0900181C5F /* CustomsSectionView.swift */; };
		CA64398E2B857BF200181C5F /* PlacesSectionView.swift in Sources */ = {isa = PBXBuildFile; fileRef = CA64398D2B857BF200181C5F /* PlacesSectionView.swift */; };
		CA7570192B7C3B4000240F06 /* PopCultureSectionView.swift in Sources */ = {isa = PBXBuildFile; fileRef = CA7570182B7C3B4000240F06 /* PopCultureSectionView.swift */; };
		CADEEBF02BA3DBD5002FDF71 /* Music.swift in Sources */ = {isa = PBXBuildFile; fileRef = CADEEBEF2BA3DBD5002FDF71 /* Music.swift */; };
/* End PBXBuildFile section */

/* Begin PBXContainerItemProxy section */
		B31D2BFB2B8EB3EF00FAF095 /* PBXContainerItemProxy */ = {
			isa = PBXContainerItemProxy;
			containerPortal = 66FB69BB2B72A06D0066B826 /* Project object */;
			proxyType = 1;
			remoteGlobalIDString = 66FB69C22B72A06D0066B826;
			remoteInfo = Cultured;
		};
/* End PBXContainerItemProxy section */

/* Begin PBXFileReference section */
		480F21F42B75969500CB5632 /* Quiz.swift */ = {isa = PBXFileReference; lastKnownFileType = sourcecode.swift; path = Quiz.swift; sourceTree = "<group>"; };
		480F21F62B7596BA00CB5632 /* QuizQuestion.swift */ = {isa = PBXFileReference; lastKnownFileType = sourcecode.swift; path = QuizQuestion.swift; sourceTree = "<group>"; };
		480F21F82B75A29500CB5632 /* Connections.swift */ = {isa = PBXFileReference; lastKnownFileType = sourcecode.swift; path = Connections.swift; sourceTree = "<group>"; };
		480F21FA2B75A54700CB5632 /* WordGuessing.swift */ = {isa = PBXFileReference; lastKnownFileType = sourcecode.swift; path = WordGuessing.swift; sourceTree = "<group>"; };
		480F21FD2B7C19D800CB5632 /* StartWordGuessingView.swift */ = {isa = PBXFileReference; lastKnownFileType = sourcecode.swift; path = StartWordGuessingView.swift; sourceTree = "<group>"; };
		480F21FF2B7C19E500CB5632 /* WordGuessingView.swift */ = {isa = PBXFileReference; lastKnownFileType = sourcecode.swift; path = WordGuessingView.swift; sourceTree = "<group>"; };
		480F22012B7C19F900CB5632 /* WordGuessingResultsView.swift */ = {isa = PBXFileReference; lastKnownFileType = sourcecode.swift; path = WordGuessingResultsView.swift; sourceTree = "<group>"; };
		480F22052B7C1F9000CB5632 /* QuizViewModel.swift */ = {isa = PBXFileReference; lastKnownFileType = sourcecode.swift; path = QuizViewModel.swift; sourceTree = "<group>"; };
		480F22072B7C1F9C00CB5632 /* WordGuessingViewModel.swift */ = {isa = PBXFileReference; lastKnownFileType = sourcecode.swift; path = WordGuessingViewModel.swift; sourceTree = "<group>"; };
		480F22092B7C1FA900CB5632 /* ConnectionsViewModel.swift */ = {isa = PBXFileReference; lastKnownFileType = sourcecode.swift; path = ConnectionsViewModel.swift; sourceTree = "<group>"; };
		482153612BA11A4E000C02FB /* MapView.swift */ = {isa = PBXFileReference; lastKnownFileType = sourcecode.swift; path = MapView.swift; sourceTree = "<group>"; };
		482153632BB739FA000C02FB /* Location.swift */ = {isa = PBXFileReference; lastKnownFileType = sourcecode.swift; path = Location.swift; sourceTree = "<group>"; };
		48A11D6F2B9B63220061ED6A /* QuestionSuccessView.swift */ = {isa = PBXFileReference; fileEncoding = 4; lastKnownFileType = sourcecode.swift; path = QuestionSuccessView.swift; sourceTree = "<group>"; };
		48A11D702B9B63220061ED6A /* ProgressBar.swift */ = {isa = PBXFileReference; fileEncoding = 4; lastKnownFileType = sourcecode.swift; path = ProgressBar.swift; sourceTree = "<group>"; };
		48A11D712B9B63220061ED6A /* QuestionFailView.swift */ = {isa = PBXFileReference; fileEncoding = 4; lastKnownFileType = sourcecode.swift; path = QuestionFailView.swift; sourceTree = "<group>"; };
		48ACC97F2BBF6AF800AEC832 /* StartXView.swift */ = {isa = PBXFileReference; fileEncoding = 4; lastKnownFileType = sourcecode.swift; path = StartXView.swift; sourceTree = "<group>"; };
		48ACC9812BBF6B0B00AEC832 /* ProgressButtonView.swift */ = {isa = PBXFileReference; fileEncoding = 4; lastKnownFileType = sourcecode.swift; path = ProgressButtonView.swift; sourceTree = "<group>"; };
		48ACC9832BC5A6E400AEC832 /* DynamicNavigationView.swift */ = {isa = PBXFileReference; lastKnownFileType = sourcecode.swift; path = DynamicNavigationView.swift; sourceTree = "<group>"; };
		48ACC9892BCC879600AEC832 /* ActivityType.swift */ = {isa = PBXFileReference; lastKnownFileType = sourcecode.swift; path = ActivityType.swift; sourceTree = "<group>"; };
		48ACC98B2BCC994B00AEC832 /* SplashScreen.swift */ = {isa = PBXFileReference; lastKnownFileType = sourcecode.swift; path = SplashScreen.swift; sourceTree = "<group>"; };
		59167BFC2BB7E1D7006C02C1 /* DanceView.swift */ = {isa = PBXFileReference; lastKnownFileType = sourcecode.swift; path = DanceView.swift; sourceTree = "<group>"; };
		663062F42B7BFD3500702E04 /* ARLandmark.swift */ = {isa = PBXFileReference; lastKnownFileType = sourcecode.swift; path = ARLandmark.swift; sourceTree = "<group>"; };
		665997472B90EDCD00247314 /* TextBoxEntity.swift */ = {isa = PBXFileReference; lastKnownFileType = sourcecode.swift; path = TextBoxEntity.swift; sourceTree = "<group>"; };
		6666C7442B88093300A64A3D /* GoogleService-Info.plist */ = {isa = PBXFileReference; fileEncoding = 4; lastKnownFileType = text.plist.xml; path = "GoogleService-Info.plist"; sourceTree = "<group>"; };
		666A71712BBF2D1E005A849A /* Celebrities.swift */ = {isa = PBXFileReference; fileEncoding = 4; lastKnownFileType = sourcecode.swift; path = Celebrities.swift; sourceTree = "<group>"; };
		666A71722BBF2D1E005A849A /* ClassicTvMovie.swift */ = {isa = PBXFileReference; fileEncoding = 4; lastKnownFileType = sourcecode.swift; path = ClassicTvMovie.swift; sourceTree = "<group>"; };
		666A71732BBF2D1E005A849A /* Dance.swift */ = {isa = PBXFileReference; fileEncoding = 4; lastKnownFileType = sourcecode.swift; path = Dance.swift; sourceTree = "<group>"; };
		666A71742BBF2D1E005A849A /* Etiquette.swift */ = {isa = PBXFileReference; fileEncoding = 4; lastKnownFileType = sourcecode.swift; path = Etiquette.swift; sourceTree = "<group>"; };
		666A71752BBF2D1E005A849A /* Food.swift */ = {isa = PBXFileReference; fileEncoding = 4; lastKnownFileType = sourcecode.swift; path = Food.swift; sourceTree = "<group>"; };
		666A71762BBF2D1E005A849A /* Landmarks.swift */ = {isa = PBXFileReference; fileEncoding = 4; lastKnownFileType = sourcecode.swift; path = Landmarks.swift; sourceTree = "<group>"; };
		666A71772BBF2D1E005A849A /* Sports.swift */ = {isa = PBXFileReference; fileEncoding = 4; lastKnownFileType = sourcecode.swift; path = Sports.swift; sourceTree = "<group>"; };
		666A71782BBF2D1E005A849A /* TraditionalMusic.swift */ = {isa = PBXFileReference; fileEncoding = 4; lastKnownFileType = sourcecode.swift; path = TraditionalMusic.swift; sourceTree = "<group>"; };
		666A71792BBF2D1E005A849A /* Traditions.swift */ = {isa = PBXFileReference; fileEncoding = 4; lastKnownFileType = sourcecode.swift; path = Traditions.swift; sourceTree = "<group>"; };
		6690A2C52B8D74E7002C33C5 /* ARVideoPortalView.swift */ = {isa = PBXFileReference; fileEncoding = 4; lastKnownFileType = sourcecode.swift; path = ARVideoPortalView.swift; sourceTree = "<group>"; };
		6695533F2BC84408004CD831 /* MajorCities.swift */ = {isa = PBXFileReference; fileEncoding = 4; lastKnownFileType = sourcecode.swift; path = MajorCities.swift; sourceTree = "<group>"; };
		66FB69C32B72A06D0066B826 /* Cultured.app */ = {isa = PBXFileReference; explicitFileType = wrapper.application; includeInIndex = 0; path = Cultured.app; sourceTree = BUILT_PRODUCTS_DIR; };
		66FB69C62B72A06D0066B826 /* AppDelegate.swift */ = {isa = PBXFileReference; lastKnownFileType = sourcecode.swift; path = AppDelegate.swift; sourceTree = "<group>"; };
		66FB69C82B72A06D0066B826 /* TourView.swift */ = {isa = PBXFileReference; lastKnownFileType = sourcecode.swift; path = TourView.swift; sourceTree = "<group>"; };
		66FB69CA2B72A06E0066B826 /* Assets.xcassets */ = {isa = PBXFileReference; lastKnownFileType = folder.assetcatalog; path = Assets.xcassets; sourceTree = "<group>"; };
		66FB69CD2B72A06E0066B826 /* Preview Assets.xcassets */ = {isa = PBXFileReference; lastKnownFileType = folder.assetcatalog; path = "Preview Assets.xcassets"; sourceTree = "<group>"; };
		66FB69D72B72A08F0066B826 /* ViewModel.swift */ = {isa = PBXFileReference; lastKnownFileType = sourcecode.swift; path = ViewModel.swift; sourceTree = "<group>"; };
		66FB69F22B72A0B30066B826 /* Module.swift */ = {isa = PBXFileReference; lastKnownFileType = sourcecode.swift; path = Module.swift; sourceTree = "<group>"; };
		66FB69F42B72A0B90066B826 /* Country.swift */ = {isa = PBXFileReference; lastKnownFileType = sourcecode.swift; path = Country.swift; sourceTree = "<group>"; };
		66FB69F62B72A0BF0066B826 /* User.swift */ = {isa = PBXFileReference; lastKnownFileType = sourcecode.swift; path = User.swift; sourceTree = "<group>"; };
		66FB69F92B72A1140066B826 /* ActivityView.swift */ = {isa = PBXFileReference; lastKnownFileType = sourcecode.swift; path = ActivityView.swift; sourceTree = "<group>"; };
		66FB69FB2B72A11D0066B826 /* LeaderboardView.swift */ = {isa = PBXFileReference; lastKnownFileType = sourcecode.swift; path = LeaderboardView.swift; sourceTree = "<group>"; };
		66FB69FD2B72A1280066B826 /* HomeView.swift */ = {isa = PBXFileReference; lastKnownFileType = sourcecode.swift; path = HomeView.swift; sourceTree = "<group>"; };
		66FB69FF2B72A1310066B826 /* MainView.swift */ = {isa = PBXFileReference; lastKnownFileType = sourcecode.swift; path = MainView.swift; sourceTree = "<group>"; };
		66FB6A012B72A1400066B826 /* LogInView.swift */ = {isa = PBXFileReference; lastKnownFileType = sourcecode.swift; path = LogInView.swift; sourceTree = "<group>"; };
		66FB6A032B72A1480066B826 /* SignUpView.swift */ = {isa = PBXFileReference; lastKnownFileType = sourcecode.swift; path = SignUpView.swift; sourceTree = "<group>"; };
		66FB6A062B72A15B0066B826 /* SelfProfileView.swift */ = {isa = PBXFileReference; lastKnownFileType = sourcecode.swift; path = SelfProfileView.swift; sourceTree = "<group>"; };
		66FB6A082B72A1620066B826 /* EditSelfProfileView.swift */ = {isa = PBXFileReference; lastKnownFileType = sourcecode.swift; path = EditSelfProfileView.swift; sourceTree = "<group>"; };
		66FB6A0B2B72A17C0066B826 /* QuestionView.swift */ = {isa = PBXFileReference; lastKnownFileType = sourcecode.swift; path = QuestionView.swift; sourceTree = "<group>"; };
		66FB6A0D2B72A1830066B826 /* ResultsView.swift */ = {isa = PBXFileReference; lastKnownFileType = sourcecode.swift; path = ResultsView.swift; sourceTree = "<group>"; };
		66FB6A102B72A1EF0066B826 /* StartQuizView.swift */ = {isa = PBXFileReference; lastKnownFileType = sourcecode.swift; path = StartQuizView.swift; sourceTree = "<group>"; };
		66FB6A122B72A2150066B826 /* StartConnectionsView.swift */ = {isa = PBXFileReference; lastKnownFileType = sourcecode.swift; path = StartConnectionsView.swift; sourceTree = "<group>"; };
		66FB6A142B72A21D0066B826 /* ConnectionsGameView.swift */ = {isa = PBXFileReference; lastKnownFileType = sourcecode.swift; path = ConnectionsGameView.swift; sourceTree = "<group>"; };
		66FB6A1A2B72A26E0066B826 /* Badge.swift */ = {isa = PBXFileReference; lastKnownFileType = sourcecode.swift; path = Badge.swift; sourceTree = "<group>"; };
		66FB6A1D2B72A2DF0066B826 /* MusicView.swift */ = {isa = PBXFileReference; lastKnownFileType = sourcecode.swift; path = MusicView.swift; sourceTree = "<group>"; };
		66FB6A1F2B72A2F00066B826 /* TraditionsView.swift */ = {isa = PBXFileReference; lastKnownFileType = sourcecode.swift; path = TraditionsView.swift; sourceTree = "<group>"; };
		66FB6A212B72A2FD0066B826 /* HolidaysView.swift */ = {isa = PBXFileReference; lastKnownFileType = sourcecode.swift; path = HolidaysView.swift; sourceTree = "<group>"; };
		66FE49422B7571610053D229 /* 3DModelView.swift */ = {isa = PBXFileReference; lastKnownFileType = sourcecode.swift; path = 3DModelView.swift; sourceTree = "<group>"; };
		7C01F4A42BCC951300864C7B /* DrinkView.swift */ = {isa = PBXFileReference; lastKnownFileType = sourcecode.swift; path = DrinkView.swift; sourceTree = "<group>"; };
		7C1B20F22B7BFF41008E0244 /* UIColors.swift */ = {isa = PBXFileReference; fileEncoding = 4; lastKnownFileType = sourcecode.swift; path = UIColors.swift; sourceTree = "<group>"; };
		7C1B20F62B7C002C008E0244 /* Info.plist */ = {isa = PBXFileReference; lastKnownFileType = text.plist; path = Info.plist; sourceTree = "<group>"; };
		7C1B20F92B7C00A0008E0244 /* Quicksand-Bold.ttf */ = {isa = PBXFileReference; lastKnownFileType = file; path = "Quicksand-Bold.ttf"; sourceTree = "<group>"; };
		7C1B20FA2B7C00A0008E0244 /* Quicksand-Medium.ttf */ = {isa = PBXFileReference; lastKnownFileType = file; path = "Quicksand-Medium.ttf"; sourceTree = "<group>"; };
		7C1B20FB2B7C00A0008E0244 /* Quicksand-Regular.ttf */ = {isa = PBXFileReference; lastKnownFileType = file; path = "Quicksand-Regular.ttf"; sourceTree = "<group>"; };
		7C1B20FC2B7C00A0008E0244 /* Quicksand-SemiBold.ttf */ = {isa = PBXFileReference; lastKnownFileType = file; path = "Quicksand-SemiBold.ttf"; sourceTree = "<group>"; };
		7C1B20FD2B7C00A0008E0244 /* Quicksand-Light.ttf */ = {isa = PBXFileReference; lastKnownFileType = file; path = "Quicksand-Light.ttf"; sourceTree = "<group>"; };
		7C1B89EF2BCDBC0B007B92FE /* SportsView.swift */ = {isa = PBXFileReference; lastKnownFileType = sourcecode.swift; path = SportsView.swift; sourceTree = "<group>"; };
		7C3DE01E2BC9FA2B00D9DD46 /* ChangeCountryView.swift */ = {isa = PBXFileReference; lastKnownFileType = sourcecode.swift; path = ChangeCountryView.swift; sourceTree = "<group>"; };
		7C864BBD2BC9A5AF0052502B /* CountrySetView.swift */ = {isa = PBXFileReference; lastKnownFileType = sourcecode.swift; path = CountrySetView.swift; sourceTree = "<group>"; };
		7C9E14682BBF6353003BC7B4 /* LandmarksView.swift */ = {isa = PBXFileReference; lastKnownFileType = sourcecode.swift; path = LandmarksView.swift; sourceTree = "<group>"; };
		7CE5D3EE2BB5D2ED00EE0E14 /* BackButton.swift */ = {isa = PBXFileReference; lastKnownFileType = sourcecode.swift; path = BackButton.swift; sourceTree = "<group>"; };
		7CFE0FC32B979F3100D7283B /* ContentView.swift */ = {isa = PBXFileReference; lastKnownFileType = sourcecode.swift; path = ContentView.swift; sourceTree = "<group>"; };
		849347982BB75365000EC3F4 /* MovieView.swift */ = {isa = PBXFileReference; lastKnownFileType = sourcecode.swift; path = MovieView.swift; sourceTree = "<group>"; };
		8493479A2BC081EE000EC3F4 /* Movie.swift */ = {isa = PBXFileReference; lastKnownFileType = sourcecode.swift; path = Movie.swift; sourceTree = "<group>"; };
		8493479C2BC0843C000EC3F4 /* MovieViewModel.swift */ = {isa = PBXFileReference; lastKnownFileType = sourcecode.swift; path = MovieViewModel.swift; sourceTree = "<group>"; };
		B31D2BF72B8EB3EF00FAF095 /* ViewModelUnitTests.xctest */ = {isa = PBXFileReference; explicitFileType = wrapper.cfbundle; includeInIndex = 0; path = ViewModelUnitTests.xctest; sourceTree = BUILT_PRODUCTS_DIR; };
		B31D2BF92B8EB3EF00FAF095 /* ViewModelUnitTests.swift */ = {isa = PBXFileReference; lastKnownFileType = sourcecode.swift; path = ViewModelUnitTests.swift; sourceTree = "<group>"; };
		C4C2FF482BC08E2E00DCDE7E /* EtiquetteView.swift */ = {isa = PBXFileReference; lastKnownFileType = sourcecode.swift; path = EtiquetteView.swift; sourceTree = "<group>"; };
		CA0D9D512BBCC5F2006C7C2A /* FoodView.swift */ = {isa = PBXFileReference; lastKnownFileType = sourcecode.swift; path = FoodView.swift; sourceTree = "<group>"; };
		CA6439892B8579AF00181C5F /* FoodCategorySectionView.swift */ = {isa = PBXFileReference; lastKnownFileType = sourcecode.swift; path = FoodCategorySectionView.swift; sourceTree = "<group>"; };
		CA64398B2B857B0900181C5F /* CustomsSectionView.swift */ = {isa = PBXFileReference; lastKnownFileType = sourcecode.swift; path = CustomsSectionView.swift; sourceTree = "<group>"; };
		CA64398D2B857BF200181C5F /* PlacesSectionView.swift */ = {isa = PBXFileReference; lastKnownFileType = sourcecode.swift; path = PlacesSectionView.swift; sourceTree = "<group>"; };
		CA7570182B7C3B4000240F06 /* PopCultureSectionView.swift */ = {isa = PBXFileReference; lastKnownFileType = sourcecode.swift; path = PopCultureSectionView.swift; sourceTree = "<group>"; };
		CADEEBEF2BA3DBD5002FDF71 /* Music.swift */ = {isa = PBXFileReference; fileEncoding = 4; lastKnownFileType = sourcecode.swift; path = Music.swift; sourceTree = "<group>"; };
/* End PBXFileReference section */

/* Begin PBXFrameworksBuildPhase section */
		66FB69C02B72A06D0066B826 /* Frameworks */ = {
			isa = PBXFrameworksBuildPhase;
			buildActionMask = 2147483647;
			files = (
				66FB69ED2B72A0A50066B826 /* FirebaseDatabase in Frameworks */,
				66FB6A272B72A4F00066B826 /* FirebaseFirestore in Frameworks */,
				66FB69DF2B72A0A50066B826 /* FirebaseAnalyticsSwift in Frameworks */,
				66FB69DB2B72A0A50066B826 /* FirebaseAnalytics in Frameworks */,
				66FB69DD2B72A0A50066B826 /* FirebaseAnalyticsOnDeviceConversion in Frameworks */,
				66FB69E32B72A0A50066B826 /* FirebaseAppCheck in Frameworks */,
				48ACC9872BC5DEDA00AEC832 /* OrderedCollections in Frameworks */,
				66FB69E12B72A0A50066B826 /* FirebaseAnalyticsWithoutAdIdSupport in Frameworks */,
				66FB69E72B72A0A50066B826 /* FirebaseAuth in Frameworks */,
				66FB69EB2B72A0A50066B826 /* FirebaseCrashlytics in Frameworks */,
				66FB69EF2B72A0A50066B826 /* FirebaseDatabaseSwift in Frameworks */,
				66FB69E52B72A0A50066B826 /* FirebaseAppDistribution-Beta in Frameworks */,
				66FB6A292B72A5020066B826 /* FirebaseStorage in Frameworks */,
				09CAD0DA2BA11E1500E7B47D /* PopupView in Frameworks */,
				66FB69E92B72A0A50066B826 /* FirebaseAuthCombine-Community in Frameworks */,
				66FB69F12B72A0A50066B826 /* FirebaseDynamicLinks in Frameworks */,
			);
			runOnlyForDeploymentPostprocessing = 0;
		};
		B31D2BF42B8EB3EF00FAF095 /* Frameworks */ = {
			isa = PBXFrameworksBuildPhase;
			buildActionMask = 2147483647;
			files = (
			);
			runOnlyForDeploymentPostprocessing = 0;
		};
/* End PBXFrameworksBuildPhase section */

/* Begin PBXGroup section */
		480F21FC2B75A91100CB5632 /* WordGuessing */ = {
			isa = PBXGroup;
			children = (
				480F21FD2B7C19D800CB5632 /* StartWordGuessingView.swift */,
				480F21FF2B7C19E500CB5632 /* WordGuessingView.swift */,
				480F22012B7C19F900CB5632 /* WordGuessingResultsView.swift */,
			);
			path = WordGuessing;
			sourceTree = "<group>";
		};
		666A717A2BBF2D1E005A849A /* InfoModels */ = {
			isa = PBXGroup;
			children = (
				6695533F2BC84408004CD831 /* MajorCities.swift */,
				666A71712BBF2D1E005A849A /* Celebrities.swift */,
				666A71722BBF2D1E005A849A /* ClassicTvMovie.swift */,
				666A71732BBF2D1E005A849A /* Dance.swift */,
				666A71742BBF2D1E005A849A /* Etiquette.swift */,
				666A71752BBF2D1E005A849A /* Food.swift */,
				666A71762BBF2D1E005A849A /* Landmarks.swift */,
				666A71772BBF2D1E005A849A /* Sports.swift */,
				666A71782BBF2D1E005A849A /* TraditionalMusic.swift */,
				666A71792BBF2D1E005A849A /* Traditions.swift */,
			);
			path = InfoModels;
			sourceTree = "<group>";
		};
		66FB69BA2B72A06D0066B826 = {
			isa = PBXGroup;
			children = (
				66FB69C52B72A06D0066B826 /* Cultured */,
				B31D2BF82B8EB3EF00FAF095 /* ViewModelUnitTests */,
				66FB69C42B72A06D0066B826 /* Products */,
				66FB6A252B72A4F00066B826 /* Frameworks */,
			);
			sourceTree = "<group>";
		};
		66FB69C42B72A06D0066B826 /* Products */ = {
			isa = PBXGroup;
			children = (
				66FB69C32B72A06D0066B826 /* Cultured.app */,
				B31D2BF72B8EB3EF00FAF095 /* ViewModelUnitTests.xctest */,
			);
			name = Products;
			sourceTree = "<group>";
		};
		66FB69C52B72A06D0066B826 /* Cultured */ = {
			isa = PBXGroup;
			children = (
				6666C7442B88093300A64A3D /* GoogleService-Info.plist */,
				7C1B20F62B7C002C008E0244 /* Info.plist */,
				66FB69C62B72A06D0066B826 /* AppDelegate.swift */,
				66FB69D62B72A0800066B826 /* Views */,
				66FB69D52B72A07B0066B826 /* ViewModels */,
				66FB69D42B72A0750066B826 /* Models */,
				66FB69CA2B72A06E0066B826 /* Assets.xcassets */,
				66FB69CC2B72A06E0066B826 /* Preview Content */,
			);
			path = Cultured;
			sourceTree = "<group>";
		};
		66FB69CC2B72A06E0066B826 /* Preview Content */ = {
			isa = PBXGroup;
			children = (
				66FB69CD2B72A06E0066B826 /* Preview Assets.xcassets */,
			);
			path = "Preview Content";
			sourceTree = "<group>";
		};
		66FB69D42B72A0750066B826 /* Models */ = {
			isa = PBXGroup;
			children = (
				666A717A2BBF2D1E005A849A /* InfoModels */,
				CADEEBEF2BA3DBD5002FDF71 /* Music.swift */,
				7C1B20F82B7C00A0008E0244 /* Fonts */,
				7C1B20F22B7BFF41008E0244 /* UIColors.swift */,
				66FB69F22B72A0B30066B826 /* Module.swift */,
				663062F42B7BFD3500702E04 /* ARLandmark.swift */,
				66FB69F42B72A0B90066B826 /* Country.swift */,
				66FB69F62B72A0BF0066B826 /* User.swift */,
				66FB6A1A2B72A26E0066B826 /* Badge.swift */,
				480F21F42B75969500CB5632 /* Quiz.swift */,
				480F21F62B7596BA00CB5632 /* QuizQuestion.swift */,
				480F21F82B75A29500CB5632 /* Connections.swift */,
				480F21FA2B75A54700CB5632 /* WordGuessing.swift */,
				482153632BB739FA000C02FB /* Location.swift */,
				8493479A2BC081EE000EC3F4 /* Movie.swift */,
			);
			path = Models;
			sourceTree = "<group>";
		};
		66FB69D52B72A07B0066B826 /* ViewModels */ = {
			isa = PBXGroup;
			children = (
				66FB69D72B72A08F0066B826 /* ViewModel.swift */,
				480F22052B7C1F9000CB5632 /* QuizViewModel.swift */,
				480F22072B7C1F9C00CB5632 /* WordGuessingViewModel.swift */,
				480F22092B7C1FA900CB5632 /* ConnectionsViewModel.swift */,
				8493479C2BC0843C000EC3F4 /* MovieViewModel.swift */,
			);
			path = ViewModels;
			sourceTree = "<group>";
		};
		66FB69D62B72A0800066B826 /* Views */ = {
			isa = PBXGroup;
			children = (
				7CFE0FC32B979F3100D7283B /* ContentView.swift */,
				CA7570182B7C3B4000240F06 /* PopCultureSectionView.swift */,
				66FB6A1C2B72A2C40066B826 /* Modules */,
				66FB69C82B72A06D0066B826 /* TourView.swift */,
				66FE49422B7571610053D229 /* 3DModelView.swift */,
				665997472B90EDCD00247314 /* TextBoxEntity.swift */,
				6690A2C52B8D74E7002C33C5 /* ARVideoPortalView.swift */,
				66FB69F82B72A1060066B826 /* Activity */,
				66FB69FD2B72A1280066B826 /* HomeView.swift */,
				66FB69FF2B72A1310066B826 /* MainView.swift */,
				66FB6A052B72A14B0066B826 /* Onboarding */,
				66FB6A0A2B72A1650066B826 /* Profile */,
				66FB6A0F2B72A1860066B826 /* Quizzes_Games */,
				CA6439892B8579AF00181C5F /* FoodCategorySectionView.swift */,
				CA64398B2B857B0900181C5F /* CustomsSectionView.swift */,
				7C9E14682BBF6353003BC7B4 /* LandmarksView.swift */,
				CA64398D2B857BF200181C5F /* PlacesSectionView.swift */,
				7CE5D3EE2BB5D2ED00EE0E14 /* BackButton.swift */,
				48ACC98B2BCC994B00AEC832 /* SplashScreen.swift */,
			);
			path = Views;
			sourceTree = "<group>";
		};
		66FB69F82B72A1060066B826 /* Activity */ = {
			isa = PBXGroup;
			children = (
				66FB69F92B72A1140066B826 /* ActivityView.swift */,
				66FB69FB2B72A11D0066B826 /* LeaderboardView.swift */,
				48ACC9892BCC879600AEC832 /* ActivityType.swift */,
			);
			path = Activity;
			sourceTree = "<group>";
		};
		66FB6A052B72A14B0066B826 /* Onboarding */ = {
			isa = PBXGroup;
			children = (
				66FB6A012B72A1400066B826 /* LogInView.swift */,
				7C864BBD2BC9A5AF0052502B /* CountrySetView.swift */,
				7C3DE01E2BC9FA2B00D9DD46 /* ChangeCountryView.swift */,
				66FB6A032B72A1480066B826 /* SignUpView.swift */,
			);
			path = Onboarding;
			sourceTree = "<group>";
		};
		66FB6A0A2B72A1650066B826 /* Profile */ = {
			isa = PBXGroup;
			children = (
				66FB6A062B72A15B0066B826 /* SelfProfileView.swift */,
				66FB6A082B72A1620066B826 /* EditSelfProfileView.swift */,
				482153612BA11A4E000C02FB /* MapView.swift */,
			);
			path = Profile;
			sourceTree = "<group>";
		};
		66FB6A0F2B72A1860066B826 /* Quizzes_Games */ = {
			isa = PBXGroup;
			children = (
				48ACC9812BBF6B0B00AEC832 /* ProgressButtonView.swift */,
				48ACC97F2BBF6AF800AEC832 /* StartXView.swift */,
				480F21FC2B75A91100CB5632 /* WordGuessing */,
				66FB6A192B72A23B0066B826 /* Quiz */,
				66FB6A182B72A22C0066B826 /* Connections */,
			);
			path = Quizzes_Games;
			sourceTree = "<group>";
		};
		66FB6A182B72A22C0066B826 /* Connections */ = {
			isa = PBXGroup;
			children = (
				66FB6A122B72A2150066B826 /* StartConnectionsView.swift */,
				66FB6A142B72A21D0066B826 /* ConnectionsGameView.swift */,
			);
			path = Connections;
			sourceTree = "<group>";
		};
		66FB6A192B72A23B0066B826 /* Quiz */ = {
			isa = PBXGroup;
			children = (
				48A11D702B9B63220061ED6A /* ProgressBar.swift */,
				48A11D712B9B63220061ED6A /* QuestionFailView.swift */,
				48A11D6F2B9B63220061ED6A /* QuestionSuccessView.swift */,
				66FB6A0B2B72A17C0066B826 /* QuestionView.swift */,
				66FB6A102B72A1EF0066B826 /* StartQuizView.swift */,
				66FB6A0D2B72A1830066B826 /* ResultsView.swift */,
				48ACC9832BC5A6E400AEC832 /* DynamicNavigationView.swift */,
			);
			path = Quiz;
			sourceTree = "<group>";
		};
		66FB6A1C2B72A2C40066B826 /* Modules */ = {
			isa = PBXGroup;
			children = (
				CA0D9D502BBCC5D7006C7C2A /* FoodAndDrinks */,
				66FB6A232B72A34D0066B826 /* PopCulture */,
				66FB6A242B72A35A0066B826 /* Customs */,
			);
			path = Modules;
			sourceTree = "<group>";
		};
		66FB6A232B72A34D0066B826 /* PopCulture */ = {
			isa = PBXGroup;
			children = (
				66FB6A1D2B72A2DF0066B826 /* MusicView.swift */,
				849347982BB75365000EC3F4 /* MovieView.swift */,
				59167BFC2BB7E1D7006C02C1 /* DanceView.swift */,
				7C1B89EF2BCDBC0B007B92FE /* SportsView.swift */,
			);
			path = PopCulture;
			sourceTree = "<group>";
		};
		66FB6A242B72A35A0066B826 /* Customs */ = {
			isa = PBXGroup;
			children = (
				66FB6A212B72A2FD0066B826 /* HolidaysView.swift */,
				66FB6A1F2B72A2F00066B826 /* TraditionsView.swift */,
				C4C2FF482BC08E2E00DCDE7E /* EtiquetteView.swift */,
			);
			path = Customs;
			sourceTree = "<group>";
		};
		66FB6A252B72A4F00066B826 /* Frameworks */ = {
			isa = PBXGroup;
			children = (
			);
			name = Frameworks;
			sourceTree = "<group>";
		};
		7C1B20F82B7C00A0008E0244 /* Fonts */ = {
			isa = PBXGroup;
			children = (
				7C1B20F92B7C00A0008E0244 /* Quicksand-Bold.ttf */,
				7C1B20FA2B7C00A0008E0244 /* Quicksand-Medium.ttf */,
				7C1B20FB2B7C00A0008E0244 /* Quicksand-Regular.ttf */,
				7C1B20FC2B7C00A0008E0244 /* Quicksand-SemiBold.ttf */,
				7C1B20FD2B7C00A0008E0244 /* Quicksand-Light.ttf */,
			);
			path = Fonts;
			sourceTree = "<group>";
		};
		B31D2BF82B8EB3EF00FAF095 /* ViewModelUnitTests */ = {
			isa = PBXGroup;
			children = (
				B31D2BF92B8EB3EF00FAF095 /* ViewModelUnitTests.swift */,
			);
			path = ViewModelUnitTests;
			sourceTree = "<group>";
		};
		CA0D9D502BBCC5D7006C7C2A /* FoodAndDrinks */ = {
			isa = PBXGroup;
			children = (
				CA0D9D512BBCC5F2006C7C2A /* FoodView.swift */,
				7C01F4A42BCC951300864C7B /* DrinkView.swift */,
			);
			path = FoodAndDrinks;
			sourceTree = "<group>";
		};
/* End PBXGroup section */

/* Begin PBXNativeTarget section */
		66FB69C22B72A06D0066B826 /* Cultured */ = {
			isa = PBXNativeTarget;
			buildConfigurationList = 66FB69D12B72A06E0066B826 /* Build configuration list for PBXNativeTarget "Cultured" */;
			buildPhases = (
				66FB69BF2B72A06D0066B826 /* Sources */,
				66FB69C02B72A06D0066B826 /* Frameworks */,
				66FB69C12B72A06D0066B826 /* Resources */,
			);
			buildRules = (
			);
			dependencies = (
			);
			name = Cultured;
			packageProductDependencies = (
				66FB69DA2B72A0A50066B826 /* FirebaseAnalytics */,
				66FB69DC2B72A0A50066B826 /* FirebaseAnalyticsOnDeviceConversion */,
				66FB69DE2B72A0A50066B826 /* FirebaseAnalyticsSwift */,
				66FB69E02B72A0A50066B826 /* FirebaseAnalyticsWithoutAdIdSupport */,
				66FB69E22B72A0A50066B826 /* FirebaseAppCheck */,
				66FB69E42B72A0A50066B826 /* FirebaseAppDistribution-Beta */,
				66FB69E62B72A0A50066B826 /* FirebaseAuth */,
				66FB69E82B72A0A50066B826 /* FirebaseAuthCombine-Community */,
				66FB69EA2B72A0A50066B826 /* FirebaseCrashlytics */,
				66FB69EC2B72A0A50066B826 /* FirebaseDatabase */,
				66FB69EE2B72A0A50066B826 /* FirebaseDatabaseSwift */,
				66FB69F02B72A0A50066B826 /* FirebaseDynamicLinks */,
				66FB6A262B72A4F00066B826 /* FirebaseFirestore */,
				66FB6A282B72A5020066B826 /* FirebaseStorage */,
				09CAD0D92BA11E1500E7B47D /* PopupView */,
				48ACC9862BC5DEDA00AEC832 /* OrderedCollections */,
			);
			productName = Cultured;
			productReference = 66FB69C32B72A06D0066B826 /* Cultured.app */;
			productType = "com.apple.product-type.application";
		};
		B31D2BF62B8EB3EF00FAF095 /* ViewModelUnitTests */ = {
			isa = PBXNativeTarget;
			buildConfigurationList = B31D2BFF2B8EB3F000FAF095 /* Build configuration list for PBXNativeTarget "ViewModelUnitTests" */;
			buildPhases = (
				B31D2BF32B8EB3EF00FAF095 /* Sources */,
				B31D2BF42B8EB3EF00FAF095 /* Frameworks */,
				B31D2BF52B8EB3EF00FAF095 /* Resources */,
			);
			buildRules = (
			);
			dependencies = (
				B31D2BFC2B8EB3EF00FAF095 /* PBXTargetDependency */,
			);
			name = ViewModelUnitTests;
			productName = ViewModelUnitTests;
			productReference = B31D2BF72B8EB3EF00FAF095 /* ViewModelUnitTests.xctest */;
			productType = "com.apple.product-type.bundle.unit-test";
		};
/* End PBXNativeTarget section */

/* Begin PBXProject section */
		66FB69BB2B72A06D0066B826 /* Project object */ = {
			isa = PBXProject;
			attributes = {
				BuildIndependentTargetsInParallel = 1;
				LastSwiftUpdateCheck = 1520;
				LastUpgradeCheck = 1520;
				TargetAttributes = {
					66FB69C22B72A06D0066B826 = {
						CreatedOnToolsVersion = 15.2;
					};
					B31D2BF62B8EB3EF00FAF095 = {
						CreatedOnToolsVersion = 15.2;
						TestTargetID = 66FB69C22B72A06D0066B826;
					};
				};
			};
			buildConfigurationList = 66FB69BE2B72A06D0066B826 /* Build configuration list for PBXProject "Cultured" */;
			compatibilityVersion = "Xcode 15.3";
			developmentRegion = en;
			hasScannedForEncodings = 0;
			knownRegions = (
				en,
				Base,
			);
			mainGroup = 66FB69BA2B72A06D0066B826;
			packageReferences = (
				66FB69D92B72A0A50066B826 /* XCRemoteSwiftPackageReference "firebase-ios-sdk" */,
				09CAD0D82BA11E1500E7B47D /* XCRemoteSwiftPackageReference "PopupView" */,
				48ACC9852BC5DE4300AEC832 /* XCRemoteSwiftPackageReference "swift-collections" */,
			);
			productRefGroup = 66FB69C42B72A06D0066B826 /* Products */;
			projectDirPath = "";
			projectRoot = "";
			targets = (
				66FB69C22B72A06D0066B826 /* Cultured */,
				B31D2BF62B8EB3EF00FAF095 /* ViewModelUnitTests */,
			);
		};
/* End PBXProject section */

/* Begin PBXResourcesBuildPhase section */
		66FB69C12B72A06D0066B826 /* Resources */ = {
			isa = PBXResourcesBuildPhase;
			buildActionMask = 2147483647;
			files = (
				66FB69CE2B72A06E0066B826 /* Preview Assets.xcassets in Resources */,
				6666C7452B88093300A64A3D /* GoogleService-Info.plist in Resources */,
				7C1B20FF2B7C00A0008E0244 /* Quicksand-Medium.ttf in Resources */,
				7C1B20FE2B7C00A0008E0244 /* Quicksand-Bold.ttf in Resources */,
				7C1B21022B7C00A0008E0244 /* Quicksand-Light.ttf in Resources */,
				7C1B21012B7C00A0008E0244 /* Quicksand-SemiBold.ttf in Resources */,
				66FB69CB2B72A06E0066B826 /* Assets.xcassets in Resources */,
				7C1B21002B7C00A0008E0244 /* Quicksand-Regular.ttf in Resources */,
			);
			runOnlyForDeploymentPostprocessing = 0;
		};
		B31D2BF52B8EB3EF00FAF095 /* Resources */ = {
			isa = PBXResourcesBuildPhase;
			buildActionMask = 2147483647;
			files = (
			);
			runOnlyForDeploymentPostprocessing = 0;
		};
/* End PBXResourcesBuildPhase section */

/* Begin PBXSourcesBuildPhase section */
		66FB69BF2B72A06D0066B826 /* Sources */ = {
			isa = PBXSourcesBuildPhase;
			buildActionMask = 2147483647;
			files = (
				CA0D9D522BBCC5F2006C7C2A /* FoodView.swift in Sources */,
				66FB69FE2B72A1280066B826 /* HomeView.swift in Sources */,
				66FB6A072B72A15B0066B826 /* SelfProfileView.swift in Sources */,
				663062F52B7BFD3500702E04 /* ARLandmark.swift in Sources */,
				66FE49432B7571610053D229 /* 3DModelView.swift in Sources */,
				66FB6A202B72A2F00066B826 /* TraditionsView.swift in Sources */,
				666A71832BBF2D1E005A849A /* Traditions.swift in Sources */,
				480F21FE2B7C19D800CB5632 /* StartWordGuessingView.swift in Sources */,
				66FB69FC2B72A11D0066B826 /* LeaderboardView.swift in Sources */,
				7C9E14692BBF6353003BC7B4 /* LandmarksView.swift in Sources */,
				480F21F92B75A29500CB5632 /* Connections.swift in Sources */,
				480F22062B7C1F9000CB5632 /* QuizViewModel.swift in Sources */,
				CADEEBF02BA3DBD5002FDF71 /* Music.swift in Sources */,
				666A717F2BBF2D1E005A849A /* Food.swift in Sources */,
				66FB69C92B72A06D0066B826 /* TourView.swift in Sources */,
				CA64398E2B857BF200181C5F /* PlacesSectionView.swift in Sources */,
				CA64398A2B8579AF00181C5F /* FoodCategorySectionView.swift in Sources */,
				48A11D742B9B63220061ED6A /* QuestionFailView.swift in Sources */,
				666A71822BBF2D1E005A849A /* TraditionalMusic.swift in Sources */,
				48ACC9842BC5A6E400AEC832 /* DynamicNavigationView.swift in Sources */,
				66FB6A002B72A1310066B826 /* MainView.swift in Sources */,
				7C3DE01F2BC9FA2B00D9DD46 /* ChangeCountryView.swift in Sources */,
				66FB6A042B72A1480066B826 /* SignUpView.swift in Sources */,
				666A71812BBF2D1E005A849A /* Sports.swift in Sources */,
				48ACC98C2BCC994B00AEC832 /* SplashScreen.swift in Sources */,
				66FB69F32B72A0B30066B826 /* Module.swift in Sources */,
				CA7570192B7C3B4000240F06 /* PopCultureSectionView.swift in Sources */,
				66FB6A1B2B72A26E0066B826 /* Badge.swift in Sources */,
				480F22082B7C1F9C00CB5632 /* WordGuessingViewModel.swift in Sources */,
				66FB69F72B72A0BF0066B826 /* User.swift in Sources */,
				8493479D2BC0843C000EC3F4 /* MovieViewModel.swift in Sources */,
				480F21F72B7596BA00CB5632 /* QuizQuestion.swift in Sources */,
				666A717C2BBF2D1E005A849A /* ClassicTvMovie.swift in Sources */,
				480F22022B7C19F900CB5632 /* WordGuessingResultsView.swift in Sources */,
				666A71802BBF2D1E005A849A /* Landmarks.swift in Sources */,
				C4C2FF492BC08E2E00DCDE7E /* EtiquetteView.swift in Sources */,
				48A11D722B9B63220061ED6A /* QuestionSuccessView.swift in Sources */,
				66FB69D82B72A08F0066B826 /* ViewModel.swift in Sources */,
				482153642BB739FA000C02FB /* Location.swift in Sources */,
				665997482B90EDCD00247314 /* TextBoxEntity.swift in Sources */,
				CA64398C2B857B0900181C5F /* CustomsSectionView.swift in Sources */,
				7C864BBE2BC9A5AF0052502B /* CountrySetView.swift in Sources */,
				480F21F52B75969500CB5632 /* Quiz.swift in Sources */,
				7CE5D3EF2BB5D2ED00EE0E14 /* BackButton.swift in Sources */,
				48ACC9822BBF6B0B00AEC832 /* ProgressButtonView.swift in Sources */,
				66FB6A132B72A2150066B826 /* StartConnectionsView.swift in Sources */,
				482153622BA11A4E000C02FB /* MapView.swift in Sources */,
				8493479B2BC081EE000EC3F4 /* Movie.swift in Sources */,
				666A717D2BBF2D1E005A849A /* Dance.swift in Sources */,
				66FB6A0E2B72A1830066B826 /* ResultsView.swift in Sources */,
				66FB6A152B72A21D0066B826 /* ConnectionsGameView.swift in Sources */,
				7CFE0FC42B979F3100D7283B /* ContentView.swift in Sources */,
				669553402BC84408004CD831 /* MajorCities.swift in Sources */,
				59167BFD2BB7E1D7006C02C1 /* DanceView.swift in Sources */,
				7C1B20F32B7BFF41008E0244 /* UIColors.swift in Sources */,
				66FB69FA2B72A1140066B826 /* ActivityView.swift in Sources */,
				66FB6A1E2B72A2DF0066B826 /* MusicView.swift in Sources */,
				48ACC9802BBF6AF800AEC832 /* StartXView.swift in Sources */,
				7C01F4A52BCC951300864C7B /* DrinkView.swift in Sources */,
				66FB6A0C2B72A17C0066B826 /* QuestionView.swift in Sources */,
				480F220A2B7C1FA900CB5632 /* ConnectionsViewModel.swift in Sources */,
				666A717E2BBF2D1E005A849A /* Etiquette.swift in Sources */,
				66FB6A112B72A1EF0066B826 /* StartQuizView.swift in Sources */,
				6690A2C62B8D74E7002C33C5 /* ARVideoPortalView.swift in Sources */,
				666A717B2BBF2D1E005A849A /* Celebrities.swift in Sources */,
				48A11D732B9B63220061ED6A /* ProgressBar.swift in Sources */,
				66FB6A022B72A1400066B826 /* LogInView.swift in Sources */,
				66FB69F52B72A0B90066B826 /* Country.swift in Sources */,
				48ACC98A2BCC879600AEC832 /* ActivityType.swift in Sources */,
				66FB6A222B72A2FD0066B826 /* HolidaysView.swift in Sources */,
				849347992BB75365000EC3F4 /* MovieView.swift in Sources */,
				66FB6A092B72A1620066B826 /* EditSelfProfileView.swift in Sources */,
				480F21FB2B75A54700CB5632 /* WordGuessing.swift in Sources */,
				7C1B89F02BCDBC0B007B92FE /* SportsView.swift in Sources */,
				66FB69C72B72A06D0066B826 /* AppDelegate.swift in Sources */,
				480F22002B7C19E500CB5632 /* WordGuessingView.swift in Sources */,
			);
			runOnlyForDeploymentPostprocessing = 0;
		};
		B31D2BF32B8EB3EF00FAF095 /* Sources */ = {
			isa = PBXSourcesBuildPhase;
			buildActionMask = 2147483647;
			files = (
				B31D2BFA2B8EB3EF00FAF095 /* ViewModelUnitTests.swift in Sources */,
			);
			runOnlyForDeploymentPostprocessing = 0;
		};
/* End PBXSourcesBuildPhase section */

/* Begin PBXTargetDependency section */
		B31D2BFC2B8EB3EF00FAF095 /* PBXTargetDependency */ = {
			isa = PBXTargetDependency;
			target = 66FB69C22B72A06D0066B826 /* Cultured */;
			targetProxy = B31D2BFB2B8EB3EF00FAF095 /* PBXContainerItemProxy */;
		};
/* End PBXTargetDependency section */

/* Begin XCBuildConfiguration section */
		66FB69CF2B72A06E0066B826 /* Debug */ = {
			isa = XCBuildConfiguration;
			buildSettings = {
				ALWAYS_SEARCH_USER_PATHS = NO;
				ASSETCATALOG_COMPILER_GENERATE_SWIFT_ASSET_SYMBOL_EXTENSIONS = YES;
				CLANG_ANALYZER_NONNULL = YES;
				CLANG_ANALYZER_NUMBER_OBJECT_CONVERSION = YES_AGGRESSIVE;
				CLANG_CXX_LANGUAGE_STANDARD = "gnu++20";
				CLANG_ENABLE_MODULES = YES;
				CLANG_ENABLE_OBJC_ARC = YES;
				CLANG_ENABLE_OBJC_WEAK = YES;
				CLANG_WARN_BLOCK_CAPTURE_AUTORELEASING = YES;
				CLANG_WARN_BOOL_CONVERSION = YES;
				CLANG_WARN_COMMA = YES;
				CLANG_WARN_CONSTANT_CONVERSION = YES;
				CLANG_WARN_DEPRECATED_OBJC_IMPLEMENTATIONS = YES;
				CLANG_WARN_DIRECT_OBJC_ISA_USAGE = YES_ERROR;
				CLANG_WARN_DOCUMENTATION_COMMENTS = YES;
				CLANG_WARN_EMPTY_BODY = YES;
				CLANG_WARN_ENUM_CONVERSION = YES;
				CLANG_WARN_INFINITE_RECURSION = YES;
				CLANG_WARN_INT_CONVERSION = YES;
				CLANG_WARN_NON_LITERAL_NULL_CONVERSION = YES;
				CLANG_WARN_OBJC_IMPLICIT_RETAIN_SELF = YES;
				CLANG_WARN_OBJC_LITERAL_CONVERSION = YES;
				CLANG_WARN_OBJC_ROOT_CLASS = YES_ERROR;
				CLANG_WARN_QUOTED_INCLUDE_IN_FRAMEWORK_HEADER = YES;
				CLANG_WARN_RANGE_LOOP_ANALYSIS = YES;
				CLANG_WARN_STRICT_PROTOTYPES = YES;
				CLANG_WARN_SUSPICIOUS_MOVE = YES;
				CLANG_WARN_UNGUARDED_AVAILABILITY = YES_AGGRESSIVE;
				CLANG_WARN_UNREACHABLE_CODE = YES;
				CLANG_WARN__DUPLICATE_METHOD_MATCH = YES;
				COPY_PHASE_STRIP = NO;
				DEBUG_INFORMATION_FORMAT = dwarf;
				ENABLE_STRICT_OBJC_MSGSEND = YES;
				ENABLE_TESTABILITY = YES;
				ENABLE_USER_SCRIPT_SANDBOXING = YES;
				GCC_C_LANGUAGE_STANDARD = gnu17;
				GCC_DYNAMIC_NO_PIC = NO;
				GCC_NO_COMMON_BLOCKS = YES;
				GCC_OPTIMIZATION_LEVEL = 0;
				GCC_PREPROCESSOR_DEFINITIONS = (
					"DEBUG=1",
					"$(inherited)",
				);
				GCC_WARN_64_TO_32_BIT_CONVERSION = YES;
				GCC_WARN_ABOUT_RETURN_TYPE = YES_ERROR;
				GCC_WARN_UNDECLARED_SELECTOR = YES;
				GCC_WARN_UNINITIALIZED_AUTOS = YES_AGGRESSIVE;
				GCC_WARN_UNUSED_FUNCTION = YES;
				GCC_WARN_UNUSED_VARIABLE = YES;
				IPHONEOS_DEPLOYMENT_TARGET = 17.2;
				LOCALIZATION_PREFERS_STRING_CATALOGS = YES;
				MTL_ENABLE_DEBUG_INFO = INCLUDE_SOURCE;
				MTL_FAST_MATH = YES;
				ONLY_ACTIVE_ARCH = YES;
				SDKROOT = iphoneos;
				SWIFT_ACTIVE_COMPILATION_CONDITIONS = "DEBUG $(inherited)";
				SWIFT_OPTIMIZATION_LEVEL = "-Onone";
			};
			name = Debug;
		};
		66FB69D02B72A06E0066B826 /* Release */ = {
			isa = XCBuildConfiguration;
			buildSettings = {
				ALWAYS_SEARCH_USER_PATHS = NO;
				ASSETCATALOG_COMPILER_GENERATE_SWIFT_ASSET_SYMBOL_EXTENSIONS = YES;
				CLANG_ANALYZER_NONNULL = YES;
				CLANG_ANALYZER_NUMBER_OBJECT_CONVERSION = YES_AGGRESSIVE;
				CLANG_CXX_LANGUAGE_STANDARD = "gnu++20";
				CLANG_ENABLE_MODULES = YES;
				CLANG_ENABLE_OBJC_ARC = YES;
				CLANG_ENABLE_OBJC_WEAK = YES;
				CLANG_WARN_BLOCK_CAPTURE_AUTORELEASING = YES;
				CLANG_WARN_BOOL_CONVERSION = YES;
				CLANG_WARN_COMMA = YES;
				CLANG_WARN_CONSTANT_CONVERSION = YES;
				CLANG_WARN_DEPRECATED_OBJC_IMPLEMENTATIONS = YES;
				CLANG_WARN_DIRECT_OBJC_ISA_USAGE = YES_ERROR;
				CLANG_WARN_DOCUMENTATION_COMMENTS = YES;
				CLANG_WARN_EMPTY_BODY = YES;
				CLANG_WARN_ENUM_CONVERSION = YES;
				CLANG_WARN_INFINITE_RECURSION = YES;
				CLANG_WARN_INT_CONVERSION = YES;
				CLANG_WARN_NON_LITERAL_NULL_CONVERSION = YES;
				CLANG_WARN_OBJC_IMPLICIT_RETAIN_SELF = YES;
				CLANG_WARN_OBJC_LITERAL_CONVERSION = YES;
				CLANG_WARN_OBJC_ROOT_CLASS = YES_ERROR;
				CLANG_WARN_QUOTED_INCLUDE_IN_FRAMEWORK_HEADER = YES;
				CLANG_WARN_RANGE_LOOP_ANALYSIS = YES;
				CLANG_WARN_STRICT_PROTOTYPES = YES;
				CLANG_WARN_SUSPICIOUS_MOVE = YES;
				CLANG_WARN_UNGUARDED_AVAILABILITY = YES_AGGRESSIVE;
				CLANG_WARN_UNREACHABLE_CODE = YES;
				CLANG_WARN__DUPLICATE_METHOD_MATCH = YES;
				COPY_PHASE_STRIP = NO;
				DEBUG_INFORMATION_FORMAT = "dwarf-with-dsym";
				ENABLE_NS_ASSERTIONS = NO;
				ENABLE_STRICT_OBJC_MSGSEND = YES;
				ENABLE_USER_SCRIPT_SANDBOXING = YES;
				GCC_C_LANGUAGE_STANDARD = gnu17;
				GCC_NO_COMMON_BLOCKS = YES;
				GCC_WARN_64_TO_32_BIT_CONVERSION = YES;
				GCC_WARN_ABOUT_RETURN_TYPE = YES_ERROR;
				GCC_WARN_UNDECLARED_SELECTOR = YES;
				GCC_WARN_UNINITIALIZED_AUTOS = YES_AGGRESSIVE;
				GCC_WARN_UNUSED_FUNCTION = YES;
				GCC_WARN_UNUSED_VARIABLE = YES;
				IPHONEOS_DEPLOYMENT_TARGET = 17.2;
				LOCALIZATION_PREFERS_STRING_CATALOGS = YES;
				MTL_ENABLE_DEBUG_INFO = NO;
				MTL_FAST_MATH = YES;
				SDKROOT = iphoneos;
				SWIFT_COMPILATION_MODE = wholemodule;
				VALIDATE_PRODUCT = YES;
			};
			name = Release;
		};
		66FB69D22B72A06E0066B826 /* Debug */ = {
			isa = XCBuildConfiguration;
			buildSettings = {
				ASSETCATALOG_COMPILER_APPICON_NAME = AppIcon;
				ASSETCATALOG_COMPILER_GLOBAL_ACCENT_COLOR_NAME = AccentColor;
				CODE_SIGN_IDENTITY = "Apple Development";
				CODE_SIGN_STYLE = Automatic;
				CURRENT_PROJECT_VERSION = 1;
				DEBUG_INFORMATION_FORMAT = "dwarf-with-dsym";
				DEVELOPMENT_ASSET_PATHS = "\"Cultured/Preview Content\"";
				DEVELOPMENT_TEAM = W25VYB4Y9F;
				ENABLE_PREVIEWS = YES;
				GENERATE_INFOPLIST_FILE = YES;
				INFOPLIST_FILE = Cultured/Info.plist;
				INFOPLIST_KEY_NSCameraUsageDescription = "AR Tours need camera access.";
				INFOPLIST_KEY_UIApplicationSupportsIndirectInputEvents = YES;
				INFOPLIST_KEY_UILaunchStoryboardName = "";
				INFOPLIST_KEY_UIRequiredDeviceCapabilities = arkit;
				INFOPLIST_KEY_UIStatusBarHidden = YES;
				INFOPLIST_KEY_UISupportedInterfaceOrientations_iPad = "UIInterfaceOrientationPortrait UIInterfaceOrientationPortraitUpsideDown UIInterfaceOrientationLandscapeLeft UIInterfaceOrientationLandscapeRight";
				INFOPLIST_KEY_UISupportedInterfaceOrientations_iPhone = "UIInterfaceOrientationPortrait UIInterfaceOrientationLandscapeLeft UIInterfaceOrientationLandscapeRight";
				LD_RUNPATH_SEARCH_PATHS = (
					"$(inherited)",
					"@executable_path/Frameworks",
				);
				MARKETING_VERSION = 1.0;
				PRODUCT_BUNDLE_IDENTIFIER = "Arina-Shah.Cultured";
				PRODUCT_NAME = "$(TARGET_NAME)";
				PROVISIONING_PROFILE_SPECIFIER = "";
				SWIFT_EMIT_LOC_STRINGS = YES;
				SWIFT_VERSION = 5.0;
				TARGETED_DEVICE_FAMILY = "1,2";
			};
			name = Debug;
		};
		66FB69D32B72A06E0066B826 /* Release */ = {
			isa = XCBuildConfiguration;
			buildSettings = {
				ASSETCATALOG_COMPILER_APPICON_NAME = AppIcon;
				ASSETCATALOG_COMPILER_GLOBAL_ACCENT_COLOR_NAME = AccentColor;
				CODE_SIGN_IDENTITY = "Apple Development";
				CODE_SIGN_STYLE = Automatic;
				CURRENT_PROJECT_VERSION = 1;
				DEVELOPMENT_ASSET_PATHS = "\"Cultured/Preview Content\"";
				DEVELOPMENT_TEAM = W25VYB4Y9F;
				ENABLE_PREVIEWS = YES;
				GENERATE_INFOPLIST_FILE = YES;
				INFOPLIST_FILE = Cultured/Info.plist;
				INFOPLIST_KEY_NSCameraUsageDescription = "AR Tours need camera access.";
				INFOPLIST_KEY_UIApplicationSupportsIndirectInputEvents = YES;
				INFOPLIST_KEY_UILaunchStoryboardName = "";
				INFOPLIST_KEY_UIRequiredDeviceCapabilities = arkit;
				INFOPLIST_KEY_UIStatusBarHidden = YES;
				INFOPLIST_KEY_UISupportedInterfaceOrientations_iPad = "UIInterfaceOrientationPortrait UIInterfaceOrientationPortraitUpsideDown UIInterfaceOrientationLandscapeLeft UIInterfaceOrientationLandscapeRight";
				INFOPLIST_KEY_UISupportedInterfaceOrientations_iPhone = "UIInterfaceOrientationPortrait UIInterfaceOrientationLandscapeLeft UIInterfaceOrientationLandscapeRight";
				LD_RUNPATH_SEARCH_PATHS = (
					"$(inherited)",
					"@executable_path/Frameworks",
				);
				MARKETING_VERSION = 1.0;
				PRODUCT_BUNDLE_IDENTIFIER = "Arina-Shah.Cultured";
				PRODUCT_NAME = "$(TARGET_NAME)";
				PROVISIONING_PROFILE_SPECIFIER = "";
				SWIFT_EMIT_LOC_STRINGS = YES;
				SWIFT_VERSION = 5.0;
				TARGETED_DEVICE_FAMILY = "1,2";
			};
			name = Release;
		};
		B31D2BFD2B8EB3F000FAF095 /* Debug */ = {
			isa = XCBuildConfiguration;
			buildSettings = {
				BUNDLE_LOADER = "$(TEST_HOST)";
				CODE_SIGN_STYLE = Automatic;
				CURRENT_PROJECT_VERSION = 1;
				GENERATE_INFOPLIST_FILE = YES;
				MARKETING_VERSION = 1.0;
				PRODUCT_BUNDLE_IDENTIFIER = iOSClub.ViewModelUnitTests;
				PRODUCT_NAME = "$(TARGET_NAME)";
				SWIFT_EMIT_LOC_STRINGS = NO;
				SWIFT_VERSION = 5.0;
				TARGETED_DEVICE_FAMILY = "1,2";
				TEST_HOST = "$(BUILT_PRODUCTS_DIR)/Cultured.app/$(BUNDLE_EXECUTABLE_FOLDER_PATH)/Cultured";
			};
			name = Debug;
		};
		B31D2BFE2B8EB3F000FAF095 /* Release */ = {
			isa = XCBuildConfiguration;
			buildSettings = {
				BUNDLE_LOADER = "$(TEST_HOST)";
				CODE_SIGN_STYLE = Automatic;
				CURRENT_PROJECT_VERSION = 1;
				GENERATE_INFOPLIST_FILE = YES;
				MARKETING_VERSION = 1.0;
				PRODUCT_BUNDLE_IDENTIFIER = iOSClub.ViewModelUnitTests;
				PRODUCT_NAME = "$(TARGET_NAME)";
				SWIFT_EMIT_LOC_STRINGS = NO;
				SWIFT_VERSION = 5.0;
				TARGETED_DEVICE_FAMILY = "1,2";
				TEST_HOST = "$(BUILT_PRODUCTS_DIR)/Cultured.app/$(BUNDLE_EXECUTABLE_FOLDER_PATH)/Cultured";
			};
			name = Release;
		};
/* End XCBuildConfiguration section */

/* Begin XCConfigurationList section */
		66FB69BE2B72A06D0066B826 /* Build configuration list for PBXProject "Cultured" */ = {
			isa = XCConfigurationList;
			buildConfigurations = (
				66FB69CF2B72A06E0066B826 /* Debug */,
				66FB69D02B72A06E0066B826 /* Release */,
			);
			defaultConfigurationIsVisible = 0;
			defaultConfigurationName = Release;
		};
		66FB69D12B72A06E0066B826 /* Build configuration list for PBXNativeTarget "Cultured" */ = {
			isa = XCConfigurationList;
			buildConfigurations = (
				66FB69D22B72A06E0066B826 /* Debug */,
				66FB69D32B72A06E0066B826 /* Release */,
			);
			defaultConfigurationIsVisible = 0;
			defaultConfigurationName = Release;
		};
		B31D2BFF2B8EB3F000FAF095 /* Build configuration list for PBXNativeTarget "ViewModelUnitTests" */ = {
			isa = XCConfigurationList;
			buildConfigurations = (
				B31D2BFD2B8EB3F000FAF095 /* Debug */,
				B31D2BFE2B8EB3F000FAF095 /* Release */,
			);
			defaultConfigurationIsVisible = 0;
			defaultConfigurationName = Release;
		};
/* End XCConfigurationList section */

/* Begin XCRemoteSwiftPackageReference section */
		09CAD0D82BA11E1500E7B47D /* XCRemoteSwiftPackageReference "PopupView" */ = {
			isa = XCRemoteSwiftPackageReference;
			repositoryURL = "https://github.com/exyte/PopupView.git";
			requirement = {
				kind = upToNextMajorVersion;
				minimumVersion = 2.9.0;
			};
		};
		48ACC9852BC5DE4300AEC832 /* XCRemoteSwiftPackageReference "swift-collections" */ = {
			isa = XCRemoteSwiftPackageReference;
			repositoryURL = "https://github.com/apple/swift-collections.git";
			requirement = {
				kind = upToNextMajorVersion;
				minimumVersion = 1.1.0;
			};
		};
		66FB69D92B72A0A50066B826 /* XCRemoteSwiftPackageReference "firebase-ios-sdk" */ = {
			isa = XCRemoteSwiftPackageReference;
			repositoryURL = "https://github.com/firebase/firebase-ios-sdk";
			requirement = {
				kind = upToNextMajorVersion;
				minimumVersion = 10.20.0;
			};
		};
/* End XCRemoteSwiftPackageReference section */

/* Begin XCSwiftPackageProductDependency section */
		09CAD0D92BA11E1500E7B47D /* PopupView */ = {
			isa = XCSwiftPackageProductDependency;
			package = 09CAD0D82BA11E1500E7B47D /* XCRemoteSwiftPackageReference "PopupView" */;
			productName = PopupView;
		};
		48ACC9862BC5DEDA00AEC832 /* OrderedCollections */ = {
			isa = XCSwiftPackageProductDependency;
			package = 48ACC9852BC5DE4300AEC832 /* XCRemoteSwiftPackageReference "swift-collections" */;
			productName = OrderedCollections;
		};
		66FB69DA2B72A0A50066B826 /* FirebaseAnalytics */ = {
			isa = XCSwiftPackageProductDependency;
			package = 66FB69D92B72A0A50066B826 /* XCRemoteSwiftPackageReference "firebase-ios-sdk" */;
			productName = FirebaseAnalytics;
		};
		66FB69DC2B72A0A50066B826 /* FirebaseAnalyticsOnDeviceConversion */ = {
			isa = XCSwiftPackageProductDependency;
			package = 66FB69D92B72A0A50066B826 /* XCRemoteSwiftPackageReference "firebase-ios-sdk" */;
			productName = FirebaseAnalyticsOnDeviceConversion;
		};
		66FB69DE2B72A0A50066B826 /* FirebaseAnalyticsSwift */ = {
			isa = XCSwiftPackageProductDependency;
			package = 66FB69D92B72A0A50066B826 /* XCRemoteSwiftPackageReference "firebase-ios-sdk" */;
			productName = FirebaseAnalyticsSwift;
		};
		66FB69E02B72A0A50066B826 /* FirebaseAnalyticsWithoutAdIdSupport */ = {
			isa = XCSwiftPackageProductDependency;
			package = 66FB69D92B72A0A50066B826 /* XCRemoteSwiftPackageReference "firebase-ios-sdk" */;
			productName = FirebaseAnalyticsWithoutAdIdSupport;
		};
		66FB69E22B72A0A50066B826 /* FirebaseAppCheck */ = {
			isa = XCSwiftPackageProductDependency;
			package = 66FB69D92B72A0A50066B826 /* XCRemoteSwiftPackageReference "firebase-ios-sdk" */;
			productName = FirebaseAppCheck;
		};
		66FB69E42B72A0A50066B826 /* FirebaseAppDistribution-Beta */ = {
			isa = XCSwiftPackageProductDependency;
			package = 66FB69D92B72A0A50066B826 /* XCRemoteSwiftPackageReference "firebase-ios-sdk" */;
			productName = "FirebaseAppDistribution-Beta";
		};
		66FB69E62B72A0A50066B826 /* FirebaseAuth */ = {
			isa = XCSwiftPackageProductDependency;
			package = 66FB69D92B72A0A50066B826 /* XCRemoteSwiftPackageReference "firebase-ios-sdk" */;
			productName = FirebaseAuth;
		};
		66FB69E82B72A0A50066B826 /* FirebaseAuthCombine-Community */ = {
			isa = XCSwiftPackageProductDependency;
			package = 66FB69D92B72A0A50066B826 /* XCRemoteSwiftPackageReference "firebase-ios-sdk" */;
			productName = "FirebaseAuthCombine-Community";
		};
		66FB69EA2B72A0A50066B826 /* FirebaseCrashlytics */ = {
			isa = XCSwiftPackageProductDependency;
			package = 66FB69D92B72A0A50066B826 /* XCRemoteSwiftPackageReference "firebase-ios-sdk" */;
			productName = FirebaseCrashlytics;
		};
		66FB69EC2B72A0A50066B826 /* FirebaseDatabase */ = {
			isa = XCSwiftPackageProductDependency;
			package = 66FB69D92B72A0A50066B826 /* XCRemoteSwiftPackageReference "firebase-ios-sdk" */;
			productName = FirebaseDatabase;
		};
		66FB69EE2B72A0A50066B826 /* FirebaseDatabaseSwift */ = {
			isa = XCSwiftPackageProductDependency;
			package = 66FB69D92B72A0A50066B826 /* XCRemoteSwiftPackageReference "firebase-ios-sdk" */;
			productName = FirebaseDatabaseSwift;
		};
		66FB69F02B72A0A50066B826 /* FirebaseDynamicLinks */ = {
			isa = XCSwiftPackageProductDependency;
			package = 66FB69D92B72A0A50066B826 /* XCRemoteSwiftPackageReference "firebase-ios-sdk" */;
			productName = FirebaseDynamicLinks;
		};
		66FB6A262B72A4F00066B826 /* FirebaseFirestore */ = {
			isa = XCSwiftPackageProductDependency;
			package = 66FB69D92B72A0A50066B826 /* XCRemoteSwiftPackageReference "firebase-ios-sdk" */;
			productName = FirebaseFirestore;
		};
		66FB6A282B72A5020066B826 /* FirebaseStorage */ = {
			isa = XCSwiftPackageProductDependency;
			package = 66FB69D92B72A0A50066B826 /* XCRemoteSwiftPackageReference "firebase-ios-sdk" */;
			productName = FirebaseStorage;
		};
/* End XCSwiftPackageProductDependency section */
	};
	rootObject = 66FB69BB2B72A06D0066B826 /* Project object */;
}
